
Microsoft Visual Studio Solution File, Format Version 12.00
Project("{FAE04EC0-301F-11D3-BF4B-00C04F79EFBC}") = "NHentai.NET", "NHentai.NET\NHentai.NET.csproj", "{496FBFA3-6808-427D-A983-C6512B45F8D8}"
EndProject
Project("{FAE04EC0-301F-11D3-BF4B-00C04F79EFBC}") = "NHentai.NET.Test", "NHentai.NET.Test\NHentai.NET.Test.csproj", "{DC655943-F93F-433F-AC76-C01BCB71AF4B}"
EndProject
Global
	GlobalSection(SolutionConfigurationPlatforms) = preSolution
		Debug|Any CPU = Debug|Any CPU
		Release|Any CPU = Release|Any CPU
	EndGlobalSection
	GlobalSection(ProjectConfigurationPlatforms) = postSolution
		{496FBFA3-6808-427D-A983-C6512B45F8D8}.Debug|Any CPU.ActiveCfg = Debug|Any CPU
		{496FBFA3-6808-427D-A983-C6512B45F8D8}.Debug|Any CPU.Build.0 = Debug|Any CPU
		{496FBFA3-6808-427D-A983-C6512B45F8D8}.Release|Any CPU.ActiveCfg = Release|Any CPU
		{496FBFA3-6808-427D-A983-C6512B45F8D8}.Release|Any CPU.Build.0 = Release|Any CPU
		{DC655943-F93F-433F-AC76-C01BCB71AF4B}.Debug|Any CPU.ActiveCfg = Debug|Any CPU
		{DC655943-F93F-433F-AC76-C01BCB71AF4B}.Debug|Any CPU.Build.0 = Debug|Any CPU
		{DC655943-F93F-433F-AC76-C01BCB71AF4B}.Release|Any CPU.ActiveCfg = Release|Any CPU
		{DC655943-F93F-433F-AC76-C01BCB71AF4B}.Release|Any CPU.Build.0 = Release|Any CPU
	EndGlobalSection
EndGlobal
